
Microsoft Visual Studio Solution File, Format Version 12.00
# Visual Studio Version 16
VisualStudioVersion = 16.0.28822.285
MinimumVisualStudioVersion = 10.0.40219.1
Project("{FAE04EC0-301F-11D3-BF4B-00C04F79EFBC}") = "Utilities", "Utilities\Utilities.csproj", "{0A55854E-C3A6-45CF-9D22-7D36420E1DEC}"
EndProject
Project("{FAE04EC0-301F-11D3-BF4B-00C04F79EFBC}") = "ShoesStore", "ShoesStore\ShoesStore.csproj", "{F15F7121-E6C4-4ADA-9BE5-9C94076BDFB7}"
EndProject
Project("{FAE04EC0-301F-11D3-BF4B-00C04F79EFBC}") = "HienLibrary", "HienLibrary\HienLibrary.csproj", "{B985CF04-FE66-40B4-8221-43026FEAA92B}"
EndProject
Global
	GlobalSection(SolutionConfigurationPlatforms) = preSolution
		Debug|Any CPU = Debug|Any CPU
		Release|Any CPU = Release|Any CPU
	EndGlobalSection
	GlobalSection(ProjectConfigurationPlatforms) = postSolution
		{0A55854E-C3A6-45CF-9D22-7D36420E1DEC}.Debug|Any CPU.ActiveCfg = Debug|Any CPU
		{0A55854E-C3A6-45CF-9D22-7D36420E1DEC}.Debug|Any CPU.Build.0 = Debug|Any CPU
		{0A55854E-C3A6-45CF-9D22-7D36420E1DEC}.Release|Any CPU.ActiveCfg = Release|Any CPU
		{0A55854E-C3A6-45CF-9D22-7D36420E1DEC}.Release|Any CPU.Build.0 = Release|Any CPU
		{F15F7121-E6C4-4ADA-9BE5-9C94076BDFB7}.Debug|Any CPU.ActiveCfg = Debug|Any CPU
		{F15F7121-E6C4-4ADA-9BE5-9C94076BDFB7}.Debug|Any CPU.Build.0 = Debug|Any CPU
		{F15F7121-E6C4-4ADA-9BE5-9C94076BDFB7}.Release|Any CPU.ActiveCfg = Release|Any CPU
		{F15F7121-E6C4-4ADA-9BE5-9C94076BDFB7}.Release|Any CPU.Build.0 = Release|Any CPU
		{B985CF04-FE66-40B4-8221-43026FEAA92B}.Debug|Any CPU.ActiveCfg = Debug|Any CPU
		{B985CF04-FE66-40B4-8221-43026FEAA92B}.Debug|Any CPU.Build.0 = Debug|Any CPU
		{B985CF04-FE66-40B4-8221-43026FEAA92B}.Release|Any CPU.ActiveCfg = Release|Any CPU
		{B985CF04-FE66-40B4-8221-43026FEAA92B}.Release|Any CPU.Build.0 = Release|Any CPU
	EndGlobalSection
	GlobalSection(SolutionProperties) = preSolution
		HideSolutionNode = FALSE
	EndGlobalSection
	GlobalSection(ExtensibilityGlobals) = postSolution
		SolutionGuid = {FCE858F3-37F3-47EC-A9DC-55C393FD0080}
	EndGlobalSection
EndGlobal
